// !$*UTF8*$!
{
	archiveVersion = 1;
	classes = {
	};
	objectVersion = 50;
	objects = {

/* Begin PBXBuildFile section */
		493ADC1C2592AB0C00A2DCAF /* AppDelegate.swift in Sources */ = {isa = PBXBuildFile; fileRef = 493ADC1B2592AB0C00A2DCAF /* AppDelegate.swift */; };
		493ADC1E2592AB0C00A2DCAF /* SceneDelegate.swift in Sources */ = {isa = PBXBuildFile; fileRef = 493ADC1D2592AB0C00A2DCAF /* SceneDelegate.swift */; };
		493ADC202592AB0C00A2DCAF /* ViewController.swift in Sources */ = {isa = PBXBuildFile; fileRef = 493ADC1F2592AB0C00A2DCAF /* ViewController.swift */; };
		493ADC232592AB0C00A2DCAF /* Main.storyboard in Resources */ = {isa = PBXBuildFile; fileRef = 493ADC212592AB0C00A2DCAF /* Main.storyboard */; };
		493ADC252592AB0E00A2DCAF /* Assets.xcassets in Resources */ = {isa = PBXBuildFile; fileRef = 493ADC242592AB0E00A2DCAF /* Assets.xcassets */; };
		493ADC282592AB0E00A2DCAF /* LaunchScreen.storyboard in Resources */ = {isa = PBXBuildFile; fileRef = 493ADC262592AB0E00A2DCAF /* LaunchScreen.storyboard */; };
		493ADC332592AB0E00A2DCAF /* TippyTests.swift in Sources */ = {isa = PBXBuildFile; fileRef = 493ADC322592AB0E00A2DCAF /* TippyTests.swift */; };
		493ADC3E2592AB0E00A2DCAF /* TippyUITests.swift in Sources */ = {isa = PBXBuildFile; fileRef = 493ADC3D2592AB0E00A2DCAF /* TippyUITests.swift */; };
/* End PBXBuildFile section */

/* Begin PBXContainerItemProxy section */
		493ADC2F2592AB0E00A2DCAF /* PBXContainerItemProxy */ = {
			isa = PBXContainerItemProxy;
			containerPortal = 493ADC102592AB0C00A2DCAF /* Project object */;
			proxyType = 1;
			remoteGlobalIDString = 493ADC172592AB0C00A2DCAF;
			remoteInfo = Tippy;
		};
		493ADC3A2592AB0E00A2DCAF /* PBXContainerItemProxy */ = {
			isa = PBXContainerItemProxy;
			containerPortal = 493ADC102592AB0C00A2DCAF /* Project object */;
			proxyType = 1;
			remoteGlobalIDString = 493ADC172592AB0C00A2DCAF;
			remoteInfo = Tippy;
		};
/* End PBXContainerItemProxy section */

/* Begin PBXFileReference section */
		493ADC182592AB0C00A2DCAF /* Tippy.app */ = {isa = PBXFileReference; explicitFileType = wrapper.application; includeInIndex = 0; path = Tippy.app; sourceTree = BUILT_PRODUCTS_DIR; };
		493ADC1B2592AB0C00A2DCAF /* AppDelegate.swift */ = {isa = PBXFileReference; lastKnownFileType = sourcecode.swift; path = AppDelegate.swift; sourceTree = "<group>"; };
		493ADC1D2592AB0C00A2DCAF /* SceneDelegate.swift */ = {isa = PBXFileReference; lastKnownFileType = sourcecode.swift; path = SceneDelegate.swift; sourceTree = "<group>"; };
		493ADC1F2592AB0C00A2DCAF /* ViewController.swift */ = {isa = PBXFileReference; lastKnownFileType = sourcecode.swift; path = ViewController.swift; sourceTree = "<group>"; };
		493ADC222592AB0C00A2DCAF /* Base */ = {isa = PBXFileReference; lastKnownFileType = file.storyboard; name = Base; path = Base.lproj/Main.storyboard; sourceTree = "<group>"; };
		493ADC242592AB0E00A2DCAF /* Assets.xcassets */ = {isa = PBXFileReference; lastKnownFileType = folder.assetcatalog; path = Assets.xcassets; sourceTree = "<group>"; };
		493ADC272592AB0E00A2DCAF /* Base */ = {isa = PBXFileReference; lastKnownFileType = file.storyboard; name = Base; path = Base.lproj/LaunchScreen.storyboard; sourceTree = "<group>"; };
		493ADC292592AB0E00A2DCAF /* Info.plist */ = {isa = PBXFileReference; lastKnownFileType = text.plist.xml; path = Info.plist; sourceTree = "<group>"; };
		493ADC2E2592AB0E00A2DCAF /* TippyTests.xctest */ = {isa = PBXFileReference; explicitFileType = wrapper.cfbundle; includeInIndex = 0; path = TippyTests.xctest; sourceTree = BUILT_PRODUCTS_DIR; };
		493ADC322592AB0E00A2DCAF /* TippyTests.swift */ = {isa = PBXFileReference; lastKnownFileType = sourcecode.swift; path = TippyTests.swift; sourceTree = "<group>"; };
		493ADC342592AB0E00A2DCAF /* Info.plist */ = {isa = PBXFileReference; lastKnownFileType = text.plist.xml; path = Info.plist; sourceTree = "<group>"; };
		493ADC392592AB0E00A2DCAF /* TippyUITests.xctest */ = {isa = PBXFileReference; explicitFileType = wrapper.cfbundle; includeInIndex = 0; path = TippyUITests.xctest; sourceTree = BUILT_PRODUCTS_DIR; };
		493ADC3D2592AB0E00A2DCAF /* TippyUITests.swift */ = {isa = PBXFileReference; lastKnownFileType = sourcecode.swift; path = TippyUITests.swift; sourceTree = "<group>"; };
		493ADC3F2592AB0E00A2DCAF /* Info.plist */ = {isa = PBXFileReference; lastKnownFileType = text.plist.xml; path = Info.plist; sourceTree = "<group>"; };
/* End PBXFileReference section */

/* Begin PBXFrameworksBuildPhase section */
		493ADC152592AB0C00A2DCAF /* Frameworks */ = {
			isa = PBXFrameworksBuildPhase;
			buildActionMask = 2147483647;
			files = (
			);
			runOnlyForDeploymentPostprocessing = 0;
		};
		493ADC2B2592AB0E00A2DCAF /* Frameworks */ = {
			isa = PBXFrameworksBuildPhase;
			buildActionMask = 2147483647;
			files = (
			);
			runOnlyForDeploymentPostprocessing = 0;
		};
		493ADC362592AB0E00A2DCAF /* Frameworks */ = {
			isa = PBXFrameworksBuildPhase;
			buildActionMask = 2147483647;
			files = (
			);
			runOnlyForDeploymentPostprocessing = 0;
		};
/* End PBXFrameworksBuildPhase section */

/* Begin PBXGroup section */
		493ADC0F2592AB0C00A2DCAF = {
			isa = PBXGroup;
			children = (
				493ADC1A2592AB0C00A2DCAF /* Tippy */,
				493ADC312592AB0E00A2DCAF /* TippyTests */,
				493ADC3C2592AB0E00A2DCAF /* TippyUITests */,
				493ADC192592AB0C00A2DCAF /* Products */,
			);
			sourceTree = "<group>";
		};
		493ADC192592AB0C00A2DCAF /* Products */ = {
			isa = PBXGroup;
			children = (
				493ADC182592AB0C00A2DCAF /* Tippy.app */,
				493ADC2E2592AB0E00A2DCAF /* TippyTests.xctest */,
				493ADC392592AB0E00A2DCAF /* TippyUITests.xctest */,
			);
			name = Products;
			sourceTree = "<group>";
		};
		493ADC1A2592AB0C00A2DCAF /* Tippy */ = {
			isa = PBXGroup;
			children = (
				493ADC1B2592AB0C00A2DCAF /* AppDelegate.swift */,
				493ADC1D2592AB0C00A2DCAF /* SceneDelegate.swift */,
				493ADC1F2592AB0C00A2DCAF /* ViewController.swift */,
				493ADC212592AB0C00A2DCAF /* Main.storyboard */,
				493ADC242592AB0E00A2DCAF /* Assets.xcassets */,
				493ADC262592AB0E00A2DCAF /* LaunchScreen.storyboard */,
				493ADC292592AB0E00A2DCAF /* Info.plist */,
			);
			path = Tippy;
			sourceTree = "<group>";
		};
		493ADC312592AB0E00A2DCAF /* TippyTests */ = {
			isa = PBXGroup;
			children = (
				493ADC322592AB0E00A2DCAF /* TippyTests.swift */,
				493ADC342592AB0E00A2DCAF /* Info.plist */,
			);
			path = TippyTests;
			sourceTree = "<group>";
		};
		493ADC3C2592AB0E00A2DCAF /* TippyUITests */ = {
			isa = PBXGroup;
			children = (
				493ADC3D2592AB0E00A2DCAF /* TippyUITests.swift */,
				493ADC3F2592AB0E00A2DCAF /* Info.plist */,
			);
			path = TippyUITests;
			sourceTree = "<group>";
		};
/* End PBXGroup section */

/* Begin PBXNativeTarget section */
		493ADC172592AB0C00A2DCAF /* Tippy */ = {
			isa = PBXNativeTarget;
			buildConfigurationList = 493ADC422592AB0E00A2DCAF /* Build configuration list for PBXNativeTarget "Tippy" */;
			buildPhases = (
				493ADC142592AB0C00A2DCAF /* Sources */,
				493ADC152592AB0C00A2DCAF /* Frameworks */,
				493ADC162592AB0C00A2DCAF /* Resources */,
			);
			buildRules = (
			);
			dependencies = (
			);
			name = Tippy;
			productName = Tippy;
			productReference = 493ADC182592AB0C00A2DCAF /* Tippy.app */;
			productType = "com.apple.product-type.application";
		};
		493ADC2D2592AB0E00A2DCAF /* TippyTests */ = {
			isa = PBXNativeTarget;
			buildConfigurationList = 493ADC452592AB0E00A2DCAF /* Build configuration list for PBXNativeTarget "TippyTests" */;
			buildPhases = (
				493ADC2A2592AB0E00A2DCAF /* Sources */,
				493ADC2B2592AB0E00A2DCAF /* Frameworks */,
				493ADC2C2592AB0E00A2DCAF /* Resources */,
			);
			buildRules = (
			);
			dependencies = (
				493ADC302592AB0E00A2DCAF /* PBXTargetDependency */,
			);
			name = TippyTests;
			productName = TippyTests;
			productReference = 493ADC2E2592AB0E00A2DCAF /* TippyTests.xctest */;
			productType = "com.apple.product-type.bundle.unit-test";
		};
		493ADC382592AB0E00A2DCAF /* TippyUITests */ = {
			isa = PBXNativeTarget;
			buildConfigurationList = 493ADC482592AB0E00A2DCAF /* Build configuration list for PBXNativeTarget "TippyUITests" */;
			buildPhases = (
				493ADC352592AB0E00A2DCAF /* Sources */,
				493ADC362592AB0E00A2DCAF /* Frameworks */,
				493ADC372592AB0E00A2DCAF /* Resources */,
			);
			buildRules = (
			);
			dependencies = (
				493ADC3B2592AB0E00A2DCAF /* PBXTargetDependency */,
			);
			name = TippyUITests;
			productName = TippyUITests;
			productReference = 493ADC392592AB0E00A2DCAF /* TippyUITests.xctest */;
			productType = "com.apple.product-type.bundle.ui-testing";
		};
/* End PBXNativeTarget section */

/* Begin PBXProject section */
		493ADC102592AB0C00A2DCAF /* Project object */ = {
			isa = PBXProject;
			attributes = {
				LastSwiftUpdateCheck = 1230;
				LastUpgradeCheck = 1230;
				TargetAttributes = {
					493ADC172592AB0C00A2DCAF = {
						CreatedOnToolsVersion = 12.3;
					};
					493ADC2D2592AB0E00A2DCAF = {
						CreatedOnToolsVersion = 12.3;
						TestTargetID = 493ADC172592AB0C00A2DCAF;
					};
					493ADC382592AB0E00A2DCAF = {
						CreatedOnToolsVersion = 12.3;
						TestTargetID = 493ADC172592AB0C00A2DCAF;
					};
				};
			};
			buildConfigurationList = 493ADC132592AB0C00A2DCAF /* Build configuration list for PBXProject "Tippy" */;
			compatibilityVersion = "Xcode 9.3";
			developmentRegion = en;
			hasScannedForEncodings = 0;
			knownRegions = (
				en,
				Base,
			);
			mainGroup = 493ADC0F2592AB0C00A2DCAF;
			productRefGroup = 493ADC192592AB0C00A2DCAF /* Products */;
			projectDirPath = "";
			projectRoot = "";
			targets = (
				493ADC172592AB0C00A2DCAF /* Tippy */,
				493ADC2D2592AB0E00A2DCAF /* TippyTests */,
				493ADC382592AB0E00A2DCAF /* TippyUITests */,
			);
		};
/* End PBXProject section */

/* Begin PBXResourcesBuildPhase section */
		493ADC162592AB0C00A2DCAF /* Resources */ = {
			isa = PBXResourcesBuildPhase;
			buildActionMask = 2147483647;
			files = (
				493ADC282592AB0E00A2DCAF /* LaunchScreen.storyboard in Resources */,
				493ADC252592AB0E00A2DCAF /* Assets.xcassets in Resources */,
				493ADC232592AB0C00A2DCAF /* Main.storyboard in Resources */,
			);
			runOnlyForDeploymentPostprocessing = 0;
		};
		493ADC2C2592AB0E00A2DCAF /* Resources */ = {
			isa = PBXResourcesBuildPhase;
			buildActionMask = 2147483647;
			files = (
			);
			runOnlyForDeploymentPostprocessing = 0;
		};
		493ADC372592AB0E00A2DCAF /* Resources */ = {
			isa = PBXResourcesBuildPhase;
			buildActionMask = 2147483647;
			files = (
			);
			runOnlyForDeploymentPostprocessing = 0;
		};
/* End PBXResourcesBuildPhase section */

/* Begin PBXSourcesBuildPhase section */
		493ADC142592AB0C00A2DCAF /* Sources */ = {
			isa = PBXSourcesBuildPhase;
			buildActionMask = 2147483647;
			files = (
				493ADC202592AB0C00A2DCAF /* ViewController.swift in Sources */,
				493ADC1C2592AB0C00A2DCAF /* AppDelegate.swift in Sources */,
				493ADC1E2592AB0C00A2DCAF /* SceneDelegate.swift in Sources */,
			);
			runOnlyForDeploymentPostprocessing = 0;
		};
		493ADC2A2592AB0E00A2DCAF /* Sources */ = {
			isa = PBXSourcesBuildPhase;
			buildActionMask = 2147483647;
			files = (
				493ADC332592AB0E00A2DCAF /* TippyTests.swift in Sources */,
			);
			runOnlyForDeploymentPostprocessing = 0;
		};
		493ADC352592AB0E00A2DCAF /* Sources */ = {
			isa = PBXSourcesBuildPhase;
			buildActionMask = 2147483647;
			files = (
				493ADC3E2592AB0E00A2DCAF /* TippyUITests.swift in Sources */,
			);
			runOnlyForDeploymentPostprocessing = 0;
		};
/* End PBXSourcesBuildPhase section */

/* Begin PBXTargetDependency section */
		493ADC302592AB0E00A2DCAF /* PBXTargetDependency */ = {
			isa = PBXTargetDependency;
			target = 493ADC172592AB0C00A2DCAF /* Tippy */;
			targetProxy = 493ADC2F2592AB0E00A2DCAF /* PBXContainerItemProxy */;
		};
		493ADC3B2592AB0E00A2DCAF /* PBXTargetDependency */ = {
			isa = PBXTargetDependency;
			target = 493ADC172592AB0C00A2DCAF /* Tippy */;
			targetProxy = 493ADC3A2592AB0E00A2DCAF /* PBXContainerItemProxy */;
		};
/* End PBXTargetDependency section */

/* Begin PBXVariantGroup section */
		493ADC212592AB0C00A2DCAF /* Main.storyboard */ = {
			isa = PBXVariantGroup;
			children = (
				493ADC222592AB0C00A2DCAF /* Base */,
			);
			name = Main.storyboard;
			sourceTree = "<group>";
		};
		493ADC262592AB0E00A2DCAF /* LaunchScreen.storyboard */ = {
			isa = PBXVariantGroup;
			children = (
				493ADC272592AB0E00A2DCAF /* Base */,
			);
			name = LaunchScreen.storyboard;
			sourceTree = "<group>";
		};
/* End PBXVariantGroup section */

/* Begin XCBuildConfiguration section */
		493ADC402592AB0E00A2DCAF /* Debug */ = {
			isa = XCBuildConfiguration;
			buildSettings = {
				ALWAYS_SEARCH_USER_PATHS = NO;
				CLANG_ANALYZER_NONNULL = YES;
				CLANG_ANALYZER_NUMBER_OBJECT_CONVERSION = YES_AGGRESSIVE;
				CLANG_CXX_LANGUAGE_STANDARD = "gnu++14";
				CLANG_CXX_LIBRARY = "libc++";
				CLANG_ENABLE_MODULES = YES;
				CLANG_ENABLE_OBJC_ARC = YES;
				CLANG_ENABLE_OBJC_WEAK = YES;
				CLANG_WARN_BLOCK_CAPTURE_AUTORELEASING = YES;
				CLANG_WARN_BOOL_CONVERSION = YES;
				CLANG_WARN_COMMA = YES;
				CLANG_WARN_CONSTANT_CONVERSION = YES;
				CLANG_WARN_DEPRECATED_OBJC_IMPLEMENTATIONS = YES;
				CLANG_WARN_DIRECT_OBJC_ISA_USAGE = YES_ERROR;
				CLANG_WARN_DOCUMENTATION_COMMENTS = YES;
				CLANG_WARN_EMPTY_BODY = YES;
				CLANG_WARN_ENUM_CONVERSION = YES;
				CLANG_WARN_INFINITE_RECURSION = YES;
				CLANG_WARN_INT_CONVERSION = YES;
				CLANG_WARN_NON_LITERAL_NULL_CONVERSION = YES;
				CLANG_WARN_OBJC_IMPLICIT_RETAIN_SELF = YES;
				CLANG_WARN_OBJC_LITERAL_CONVERSION = YES;
				CLANG_WARN_OBJC_ROOT_CLASS = YES_ERROR;
				CLANG_WARN_QUOTED_INCLUDE_IN_FRAMEWORK_HEADER = YES;
				CLANG_WARN_RANGE_LOOP_ANALYSIS = YES;
				CLANG_WARN_STRICT_PROTOTYPES = YES;
				CLANG_WARN_SUSPICIOUS_MOVE = YES;
				CLANG_WARN_UNGUARDED_AVAILABILITY = YES_AGGRESSIVE;
				CLANG_WARN_UNREACHABLE_CODE = YES;
				CLANG_WARN__DUPLICATE_METHOD_MATCH = YES;
				COPY_PHASE_STRIP = NO;
				DEBUG_INFORMATION_FORMAT = dwarf;
				ENABLE_STRICT_OBJC_MSGSEND = YES;
				ENABLE_TESTABILITY = YES;
				GCC_C_LANGUAGE_STANDARD = gnu11;
				GCC_DYNAMIC_NO_PIC = NO;
				GCC_NO_COMMON_BLOCKS = YES;
				GCC_OPTIMIZATION_LEVEL = 0;
				GCC_PREPROCESSOR_DEFINITIONS = (
					"DEBUG=1",
					"$(inherited)",
				);
				GCC_WARN_64_TO_32_BIT_CONVERSION = YES;
				GCC_WARN_ABOUT_RETURN_TYPE = YES_ERROR;
				GCC_WARN_UNDECLARED_SELECTOR = YES;
				GCC_WARN_UNINITIALIZED_AUTOS = YES_AGGRESSIVE;
				GCC_WARN_UNUSED_FUNCTION = YES;
				GCC_WARN_UNUSED_VARIABLE = YES;
				IPHONEOS_DEPLOYMENT_TARGET = 14.3;
				MTL_ENABLE_DEBUG_INFO = INCLUDE_SOURCE;
				MTL_FAST_MATH = YES;
				ONLY_ACTIVE_ARCH = YES;
				SDKROOT = iphoneos;
				SWIFT_ACTIVE_COMPILATION_CONDITIONS = DEBUG;
				SWIFT_OPTIMIZATION_LEVEL = "-Onone";
			};
			name = Debug;
		};
		493ADC412592AB0E00A2DCAF /* Release */ = {
			isa = XCBuildConfiguration;
			buildSettings = {
				ALWAYS_SEARCH_USER_PATHS = NO;
				CLANG_ANALYZER_NONNULL = YES;
				CLANG_ANALYZER_NUMBER_OBJECT_CONVERSION = YES_AGGRESSIVE;
				CLANG_CXX_LANGUAGE_STANDARD = "gnu++14";
				CLANG_CXX_LIBRARY = "libc++";
				CLANG_ENABLE_MODULES = YES;
				CLANG_ENABLE_OBJC_ARC = YES;
				CLANG_ENABLE_OBJC_WEAK = YES;
				CLANG_WARN_BLOCK_CAPTURE_AUTORELEASING = YES;
				CLANG_WARN_BOOL_CONVERSION = YES;
				CLANG_WARN_COMMA = YES;
				CLANG_WARN_CONSTANT_CONVERSION = YES;
				CLANG_WARN_DEPRECATED_OBJC_IMPLEMENTATIONS = YES;
				CLANG_WARN_DIRECT_OBJC_ISA_USAGE = YES_ERROR;
				CLANG_WARN_DOCUMENTATION_COMMENTS = YES;
				CLANG_WARN_EMPTY_BODY = YES;
				CLANG_WARN_ENUM_CONVERSION = YES;
				CLANG_WARN_INFINITE_RECURSION = YES;
				CLANG_WARN_INT_CONVERSION = YES;
				CLANG_WARN_NON_LITERAL_NULL_CONVERSION = YES;
				CLANG_WARN_OBJC_IMPLICIT_RETAIN_SELF = YES;
				CLANG_WARN_OBJC_LITERAL_CONVERSION = YES;
				CLANG_WARN_OBJC_ROOT_CLASS = YES_ERROR;
				CLANG_WARN_QUOTED_INCLUDE_IN_FRAMEWORK_HEADER = YES;
				CLANG_WARN_RANGE_LOOP_ANALYSIS = YES;
				CLANG_WARN_STRICT_PROTOTYPES = YES;
				CLANG_WARN_SUSPICIOUS_MOVE = YES;
				CLANG_WARN_UNGUARDED_AVAILABILITY = YES_AGGRESSIVE;
				CLANG_WARN_UNREACHABLE_CODE = YES;
				CLANG_WARN__DUPLICATE_METHOD_MATCH = YES;
				COPY_PHASE_STRIP = NO;
				DEBUG_INFORMATION_FORMAT = "dwarf-with-dsym";
				ENABLE_NS_ASSERTIONS = NO;
				ENABLE_STRICT_OBJC_MSGSEND = YES;
				GCC_C_LANGUAGE_STANDARD = gnu11;
				GCC_NO_COMMON_BLOCKS = YES;
				GCC_WARN_64_TO_32_BIT_CONVERSION = YES;
				GCC_WARN_ABOUT_RETURN_TYPE = YES_ERROR;
				GCC_WARN_UNDECLARED_SELECTOR = YES;
				GCC_WARN_UNINITIALIZED_AUTOS = YES_AGGRESSIVE;
				GCC_WARN_UNUSED_FUNCTION = YES;
				GCC_WARN_UNUSED_VARIABLE = YES;
				IPHONEOS_DEPLOYMENT_TARGET = 14.3;
				MTL_ENABLE_DEBUG_INFO = NO;
				MTL_FAST_MATH = YES;
				SDKROOT = iphoneos;
				SWIFT_COMPILATION_MODE = wholemodule;
				SWIFT_OPTIMIZATION_LEVEL = "-O";
				VALIDATE_PRODUCT = YES;
			};
			name = Release;
		};
		493ADC432592AB0E00A2DCAF /* Debug */ = {
			isa = XCBuildConfiguration;
			buildSettings = {
				ASSETCATALOG_COMPILER_APPICON_NAME = AppIcon;
				ASSETCATALOG_COMPILER_GLOBAL_ACCENT_COLOR_NAME = AccentColor;
				CODE_SIGN_STYLE = Automatic;
				INFOPLIST_FILE = Tippy/Info.plist;
				LD_RUNPATH_SEARCH_PATHS = (
					"$(inherited)",
					"@executable_path/Frameworks",
				);
				PRODUCT_BUNDLE_IDENTIFIER = Andrew.Tippy;
				PRODUCT_NAME = "$(TARGET_NAME)";
				SWIFT_VERSION = 5.0;
				TARGETED_DEVICE_FAMILY = "1,2";
			};
			name = Debug;
		};
		493ADC442592AB0E00A2DCAF /* Release */ = {
			isa = XCBuildConfiguration;
			buildSettings = {
				ASSETCATALOG_COMPILER_APPICON_NAME = AppIcon;
				ASSETCATALOG_COMPILER_GLOBAL_ACCENT_COLOR_NAME = AccentColor;
				CODE_SIGN_STYLE = Automatic;
				INFOPLIST_FILE = Tippy/Info.plist;
				LD_RUNPATH_SEARCH_PATHS = (
					"$(inherited)",
					"@executable_path/Frameworks",
				);
				PRODUCT_BUNDLE_IDENTIFIER = Andrew.Tippy;
				PRODUCT_NAME = "$(TARGET_NAME)";
				SWIFT_VERSION = 5.0;
				TARGETED_DEVICE_FAMILY = "1,2";
			};
			name = Release;
		};
		493ADC462592AB0E00A2DCAF /* Debug */ = {
			isa = XCBuildConfiguration;
			buildSettings = {
				ALWAYS_EMBED_SWIFT_STANDARD_LIBRARIES = YES;
				BUNDLE_LOADER = "$(TEST_HOST)";
				CODE_SIGN_STYLE = Automatic;
				INFOPLIST_FILE = TippyTests/Info.plist;
				IPHONEOS_DEPLOYMENT_TARGET = 14.3;
				LD_RUNPATH_SEARCH_PATHS = (
					"$(inherited)",
					"@executable_path/Frameworks",
					"@loader_path/Frameworks",
				);
				PRODUCT_BUNDLE_IDENTIFIER = Andrew.TippyTests;
				PRODUCT_NAME = "$(TARGET_NAME)";
				SWIFT_VERSION = 5.0;
				TARGETED_DEVICE_FAMILY = "1,2";
				TEST_HOST = "$(BUILT_PRODUCTS_DIR)/Tippy.app/Tippy";
			};
			name = Debug;
		};
		493ADC472592AB0E00A2DCAF /* Release */ = {
			isa = XCBuildConfiguration;
			buildSettings = {
				ALWAYS_EMBED_SWIFT_STANDARD_LIBRARIES = YES;
				BUNDLE_LOADER = "$(TEST_HOST)";
				CODE_SIGN_STYLE = Automatic;
				INFOPLIST_FILE = TippyTests/Info.plist;
				IPHONEOS_DEPLOYMENT_TARGET = 14.3;
				LD_RUNPATH_SEARCH_PATHS = (
					"$(inherited)",
					"@executable_path/Frameworks",
					"@loader_path/Frameworks",
				);
				PRODUCT_BUNDLE_IDENTIFIER = Andrew.TippyTests;
				PRODUCT_NAME = "$(TARGET_NAME)";
				SWIFT_VERSION = 5.0;
				TARGETED_DEVICE_FAMILY = "1,2";
				TEST_HOST = "$(BUILT_PRODUCTS_DIR)/Tippy.app/Tippy";
			};
			name = Release;
		};
		493ADC492592AB0E00A2DCAF /* Debug */ = {
			isa = XCBuildConfiguration;
			buildSettings = {
				ALWAYS_EMBED_SWIFT_STANDARD_LIBRARIES = YES;
				CODE_SIGN_STYLE = Automatic;
				INFOPLIST_FILE = TippyUITests/Info.plist;
				LD_RUNPATH_SEARCH_PATHS = (
					"$(inherited)",
					"@executable_path/Frameworks",
					"@loader_path/Frameworks",
				);
				PRODUCT_BUNDLE_IDENTIFIER = Andrew.TippyUITests;
				PRODUCT_NAME = "$(TARGET_NAME)";
				SWIFT_VERSION = 5.0;
				TARGETED_DEVICE_FAMILY = "1,2";
				TEST_TARGET_NAME = Tippy;
			};
			name = Debug;
		};
		493ADC4A2592AB0E00A2DCAF /* Release */ = {
			isa = XCBuildConfiguration;
			buildSettings = {
				ALWAYS_EMBED_SWIFT_STANDARD_LIBRARIES = YES;
				CODE_SIGN_STYLE = Automatic;
				INFOPLIST_FILE = TippyUITests/Info.plist;
				LD_RUNPATH_SEARCH_PATHS = (
					"$(inherited)",
					"@executable_path/Frameworks",
					"@loader_path/Frameworks",
				);
				PRODUCT_BUNDLE_IDENTIFIER = Andrew.TippyUITests;
				PRODUCT_NAME = "$(TARGET_NAME)";
				SWIFT_VERSION = 5.0;
				TARGETED_DEVICE_FAMILY = "1,2";
				TEST_TARGET_NAME = Tippy;
			};
			name = Release;
		};
/* End XCBuildConfiguration section */

/* Begin XCConfigurationList section */
		493ADC132592AB0C00A2DCAF /* Build configuration list for PBXProject "Tippy" */ = {
			isa = XCConfigurationList;
			buildConfigurations = (
				493ADC402592AB0E00A2DCAF /* Debug */,
				493ADC412592AB0E00A2DCAF /* Release */,
			);
			defaultConfigurationIsVisible = 0;
			defaultConfigurationName = Release;
		};
		493ADC422592AB0E00A2DCAF /* Build configuration list for PBXNativeTarget "Tippy" */ = {
			isa = XCConfigurationList;
			buildConfigurations = (
				493ADC432592AB0E00A2DCAF /* Debug */,
				493ADC442592AB0E00A2DCAF /* Release */,
			);
			defaultConfigurationIsVisible = 0;
			defaultConfigurationName = Release;
		};
		493ADC452592AB0E00A2DCAF /* Build configuration list for PBXNativeTarget "TippyTests" */ = {
			isa = XCConfigurationList;
			buildConfigurations = (
				493ADC462592AB0E00A2DCAF /* Debug */,
				493ADC472592AB0E00A2DCAF /* Release */,
			);
			defaultConfigurationIsVisible = 0;
			defaultConfigurationName = Release;
		};
		493ADC482592AB0E00A2DCAF /* Build configuration list for PBXNativeTarget "TippyUITests" */ = {
			isa = XCConfigurationList;
			buildConfigurations = (
				493ADC492592AB0E00A2DCAF /* Debug */,
				493ADC4A2592AB0E00A2DCAF /* Release */,
			);
			defaultConfigurationIsVisible = 0;
			defaultConfigurationName = Release;
		};
/* End XCConfigurationList section */
	};
	rootObject = 493ADC102592AB0C00A2DCAF /* Project object */;
}
